
Microsoft Visual Studio Solution File, Format Version 12.00
# Visual Studio Version 17
VisualStudioVersion = 17.3.32922.545
MinimumVisualStudioVersion = 10.0.40219.1
Project("{9A19103F-16F7-4668-BE54-9A1E7A4F7556}") = "RecordStructBoxing", "RecordStructBoxing\RecordStructBoxing.csproj", "{F603B384-B3D0-4501-B4DC-754D25F6CF50}"
EndProject
Project("{9A19103F-16F7-4668-BE54-9A1E7A4F7556}") = "DigitParsing", "DigitParsing\DigitParsing.csproj", "{9DFAD5B7-EC96-49D8-A066-994DA7D12C7B}"
EndProject
Project("{FAE04EC0-301F-11D3-BF4B-00C04F79EFBC}") = "ByRefInt", "ByRefInt\ByRefInt.csproj", "{F52E6C2B-E8BE-47A9-B6E7-FFAA265220F2}"
EndProject
Project("{FAE04EC0-301F-11D3-BF4B-00C04F79EFBC}") = "ParseJsonSubset", "ParseJsonSubset\ParseJsonSubset.csproj", "{8147A02C-1CE4-4E4C-A194-52C139D53077}"
EndProject
Project("{FAE04EC0-301F-11D3-BF4B-00C04F79EFBC}") = "SerialNumberParse", "SerialNumberParse\SerialNumberParse.csproj", "{ED3B1E61-47D4-493A-AA1B-E927A70CA6E8}"
EndProject
Project("{FAE04EC0-301F-11D3-BF4B-00C04F79EFBC}") = "StringConcat", "StringConcat\StringConcat.csproj", "{E17F294E-52D5-4046-8F02-E034E631266E}"
EndProject
Project("{FAE04EC0-301F-11D3-BF4B-00C04F79EFBC}") = "SubstringWithSpan", "SubstringWithSpan\SubstringWithSpan.csproj", "{98B2D950-3598-4D03-B24E-6E723450227E}"
EndProject
Project("{FAE04EC0-301F-11D3-BF4B-00C04F79EFBC}") = "RegexSpeed", "RegexSpeed\RegexSpeed.csproj", "{BA6FB17A-45ED-4099-838E-034B3C0F9B6B}"
EndProject
Project("{FAE04EC0-301F-11D3-BF4B-00C04F79EFBC}") = "CustomParseInt", "CustomParseInt\CustomParseInt.csproj", "{CD108BD7-0A88-43D6-9CC1-F13E76793754}"
EndProject
Global
	GlobalSection(SolutionConfigurationPlatforms) = preSolution
		Debug|Any CPU = Debug|Any CPU
		Release|Any CPU = Release|Any CPU
	EndGlobalSection
	GlobalSection(ProjectConfigurationPlatforms) = postSolution
		{F603B384-B3D0-4501-B4DC-754D25F6CF50}.Debug|Any CPU.ActiveCfg = Debug|Any CPU
		{F603B384-B3D0-4501-B4DC-754D25F6CF50}.Debug|Any CPU.Build.0 = Debug|Any CPU
		{F603B384-B3D0-4501-B4DC-754D25F6CF50}.Release|Any CPU.ActiveCfg = Release|Any CPU
		{F603B384-B3D0-4501-B4DC-754D25F6CF50}.Release|Any CPU.Build.0 = Release|Any CPU
		{9DFAD5B7-EC96-49D8-A066-994DA7D12C7B}.Debug|Any CPU.ActiveCfg = Debug|Any CPU
		{9DFAD5B7-EC96-49D8-A066-994DA7D12C7B}.Debug|Any CPU.Build.0 = Debug|Any CPU
		{9DFAD5B7-EC96-49D8-A066-994DA7D12C7B}.Release|Any CPU.ActiveCfg = Release|Any CPU
		{9DFAD5B7-EC96-49D8-A066-994DA7D12C7B}.Release|Any CPU.Build.0 = Release|Any CPU
		{F52E6C2B-E8BE-47A9-B6E7-FFAA265220F2}.Debug|Any CPU.ActiveCfg = Debug|Any CPU
		{F52E6C2B-E8BE-47A9-B6E7-FFAA265220F2}.Debug|Any CPU.Build.0 = Debug|Any CPU
		{F52E6C2B-E8BE-47A9-B6E7-FFAA265220F2}.Release|Any CPU.ActiveCfg = Release|Any CPU
		{F52E6C2B-E8BE-47A9-B6E7-FFAA265220F2}.Release|Any CPU.Build.0 = Release|Any CPU
		{8147A02C-1CE4-4E4C-A194-52C139D53077}.Debug|Any CPU.ActiveCfg = Debug|Any CPU
		{8147A02C-1CE4-4E4C-A194-52C139D53077}.Debug|Any CPU.Build.0 = Debug|Any CPU
		{8147A02C-1CE4-4E4C-A194-52C139D53077}.Release|Any CPU.ActiveCfg = Release|Any CPU
		{8147A02C-1CE4-4E4C-A194-52C139D53077}.Release|Any CPU.Build.0 = Release|Any CPU
		{ED3B1E61-47D4-493A-AA1B-E927A70CA6E8}.Debug|Any CPU.ActiveCfg = Debug|Any CPU
		{ED3B1E61-47D4-493A-AA1B-E927A70CA6E8}.Debug|Any CPU.Build.0 = Debug|Any CPU
		{ED3B1E61-47D4-493A-AA1B-E927A70CA6E8}.Release|Any CPU.ActiveCfg = Release|Any CPU
		{ED3B1E61-47D4-493A-AA1B-E927A70CA6E8}.Release|Any CPU.Build.0 = Release|Any CPU
		{E17F294E-52D5-4046-8F02-E034E631266E}.Debug|Any CPU.ActiveCfg = Debug|Any CPU
		{E17F294E-52D5-4046-8F02-E034E631266E}.Debug|Any CPU.Build.0 = Debug|Any CPU
		{E17F294E-52D5-4046-8F02-E034E631266E}.Release|Any CPU.ActiveCfg = Release|Any CPU
		{E17F294E-52D5-4046-8F02-E034E631266E}.Release|Any CPU.Build.0 = Release|Any CPU
		{98B2D950-3598-4D03-B24E-6E723450227E}.Debug|Any CPU.ActiveCfg = Debug|Any CPU
		{98B2D950-3598-4D03-B24E-6E723450227E}.Debug|Any CPU.Build.0 = Debug|Any CPU
		{98B2D950-3598-4D03-B24E-6E723450227E}.Release|Any CPU.ActiveCfg = Release|Any CPU
		{98B2D950-3598-4D03-B24E-6E723450227E}.Release|Any CPU.Build.0 = Release|Any CPU
		{BA6FB17A-45ED-4099-838E-034B3C0F9B6B}.Debug|Any CPU.ActiveCfg = Debug|Any CPU
		{BA6FB17A-45ED-4099-838E-034B3C0F9B6B}.Debug|Any CPU.Build.0 = Debug|Any CPU
		{BA6FB17A-45ED-4099-838E-034B3C0F9B6B}.Release|Any CPU.ActiveCfg = Release|Any CPU
		{BA6FB17A-45ED-4099-838E-034B3C0F9B6B}.Release|Any CPU.Build.0 = Release|Any CPU
		{22A3E298-9375-418E-BA86-D70F93C1E331}.Debug|Any CPU.ActiveCfg = Debug|Any CPU
		{22A3E298-9375-418E-BA86-D70F93C1E331}.Debug|Any CPU.Build.0 = Debug|Any CPU
		{22A3E298-9375-418E-BA86-D70F93C1E331}.Release|Any CPU.ActiveCfg = Release|Any CPU
		{22A3E298-9375-418E-BA86-D70F93C1E331}.Release|Any CPU.Build.0 = Release|Any CPU
		{CD108BD7-0A88-43D6-9CC1-F13E76793754}.Debug|Any CPU.ActiveCfg = Debug|Any CPU
		{CD108BD7-0A88-43D6-9CC1-F13E76793754}.Debug|Any CPU.Build.0 = Debug|Any CPU
		{CD108BD7-0A88-43D6-9CC1-F13E76793754}.Release|Any CPU.ActiveCfg = Release|Any CPU
		{CD108BD7-0A88-43D6-9CC1-F13E76793754}.Release|Any CPU.Build.0 = Release|Any CPU
	EndGlobalSection
	GlobalSection(SolutionProperties) = preSolution
		HideSolutionNode = FALSE
	EndGlobalSection
	GlobalSection(ExtensibilityGlobals) = postSolution
		SolutionGuid = {5111E782-1CD4-4B07-9C1F-E76FEF9E38CF}
	EndGlobalSection
EndGlobal
