
Microsoft Visual Studio Solution File, Format Version 12.00
# Visual Studio Version 17
VisualStudioVersion = 17.3.32922.545
MinimumVisualStudioVersion = 10.0.40219.1
Project("{9A19103F-16F7-4668-BE54-9A1E7A4F7556}") = "RecordStructBoxing", "RecordStructBoxing\RecordStructBoxing.csproj", "{F603B384-B3D0-4501-B4DC-754D25F6CF50}"
EndProject
Project("{9A19103F-16F7-4668-BE54-9A1E7A4F7556}") = "DigitParsing", "DigitParsing\DigitParsing.csproj", "{9DFAD5B7-EC96-49D8-A066-994DA7D12C7B}"
EndProject
Project("{FAE04EC0-301F-11D3-BF4B-00C04F79EFBC}") = "ByRefInt", "ByRefInt\ByRefInt.csproj", "{F52E6C2B-E8BE-47A9-B6E7-FFAA265220F2}"
EndProject
Global
	GlobalSection(SolutionConfigurationPlatforms) = preSolution
		Debug|Any CPU = Debug|Any CPU
		Release|Any CPU = Release|Any CPU
	EndGlobalSection
	GlobalSection(ProjectConfigurationPlatforms) = postSolution
		{F603B384-B3D0-4501-B4DC-754D25F6CF50}.Debug|Any CPU.ActiveCfg = Debug|Any CPU
		{F603B384-B3D0-4501-B4DC-754D25F6CF50}.Debug|Any CPU.Build.0 = Debug|Any CPU
		{F603B384-B3D0-4501-B4DC-754D25F6CF50}.Release|Any CPU.ActiveCfg = Release|Any CPU
		{F603B384-B3D0-4501-B4DC-754D25F6CF50}.Release|Any CPU.Build.0 = Release|Any CPU
		{9DFAD5B7-EC96-49D8-A066-994DA7D12C7B}.Debug|Any CPU.ActiveCfg = Debug|Any CPU
		{9DFAD5B7-EC96-49D8-A066-994DA7D12C7B}.Debug|Any CPU.Build.0 = Debug|Any CPU
		{9DFAD5B7-EC96-49D8-A066-994DA7D12C7B}.Release|Any CPU.ActiveCfg = Release|Any CPU
		{9DFAD5B7-EC96-49D8-A066-994DA7D12C7B}.Release|Any CPU.Build.0 = Release|Any CPU
		{F52E6C2B-E8BE-47A9-B6E7-FFAA265220F2}.Debug|Any CPU.ActiveCfg = Debug|Any CPU
		{F52E6C2B-E8BE-47A9-B6E7-FFAA265220F2}.Debug|Any CPU.Build.0 = Debug|Any CPU
		{F52E6C2B-E8BE-47A9-B6E7-FFAA265220F2}.Release|Any CPU.ActiveCfg = Release|Any CPU
		{F52E6C2B-E8BE-47A9-B6E7-FFAA265220F2}.Release|Any CPU.Build.0 = Release|Any CPU
	EndGlobalSection
	GlobalSection(SolutionProperties) = preSolution
		HideSolutionNode = FALSE
	EndGlobalSection
	GlobalSection(ExtensibilityGlobals) = postSolution
		SolutionGuid = {5111E782-1CD4-4B07-9C1F-E76FEF9E38CF}
	EndGlobalSection
EndGlobal
